
Microsoft Visual Studio Solution File, Format Version 12.00
# Visual Studio Version 18
VisualStudioVersion = 18.0.11222.15
MinimumVisualStudioVersion = 10.0.40219.1
Project("{9A19103F-16F7-4668-BE54-9A1E7A4F7556}") = "Client", "VeloTimerWeb\Client\Client.csproj", "{A8299082-060E-4E7D-ADD3-EE9563A56760}"
EndProject
Project("{9A19103F-16F7-4668-BE54-9A1E7A4F7556}") = "Shared", "VeloTimerWeb\Shared\Shared.csproj", "{733B28A0-C429-41E2-AE07-4D25D832D2F0}"
EndProject
Project("{9A19103F-16F7-4668-BE54-9A1E7A4F7556}") = "Api", "VeloTimerWeb.Api\Api.csproj", "{EA4975CF-532B-4CE4-8D75-396522C0F4A9}"
EndProject
Project("{9A19103F-16F7-4668-BE54-9A1E7A4F7556}") = "Test.Shared", "VeloTimer.Test\Test.Shared.csproj", "{CFEDED7A-E8D1-41A5-B43E-503C757D1722}"
EndProject
Project("{9A19103F-16F7-4668-BE54-9A1E7A4F7556}") = "PassingLoader", "PassingLoader\PassingLoader.csproj", "{9637D6D3-6402-4CAF-9E41-2C4673F21763}"
EndProject
Project("{9A19103F-16F7-4668-BE54-9A1E7A4F7556}") = "Shared.Data", "Shared.Data\Shared.Data.csproj", "{54C5564F-BFB0-4E90-9C68-90AD0CD2FE52}"
EndProject
Project("{2150E333-8FDC-42A3-9474-1A3956D46DE8}") = "WebUI", "WebUI", "{7E46470A-DE14-085D-F0DF-9D428E2CAD5E}"
EndProject
Project("{FAE04EC0-301F-11D3-BF4B-00C04F79EFBC}") = "VeloTime.WebUI.Shared", "src\WebUI.Shared\VeloTime.WebUI.Shared.csproj", "{918E237E-D578-429F-A930-5E4C3F6F41B7}"
EndProject
Project("{FAE04EC0-301F-11D3-BF4B-00C04F79EFBC}") = "VeloTime.WebUI.Server", "src\WebUI.Server\VeloTime.WebUI.Server.csproj", "{19CC6703-743E-49ED-AC60-A87A71B96B84}"
EndProject
Project("{FAE04EC0-301F-11D3-BF4B-00C04F79EFBC}") = "VeloTime.WebUI.Client", "src\WebUI.Client\VeloTime.WebUI.Client.csproj", "{0FC3A929-8D9B-4A76-AFF4-05C5BEACC925}"
EndProject
Project("{2150E333-8FDC-42A3-9474-1A3956D46DE8}") = "src", "src", "{827E0CD3-B72D-47B6-A68D-7590B98EB39B}"
EndProject
Project("{FAE04EC0-301F-11D3-BF4B-00C04F79EFBC}") = "VeloTime.Api", "src\Api\VeloTime.Api.csproj", "{EED91382-2C43-46F3-B3E6-FDE2B42B9B0B}"
EndProject
Project("{FAE04EC0-301F-11D3-BF4B-00C04F79EFBC}") = "VeloTime.IdentityProvider", "src\IdentityProvider\VeloTime.IdentityProvider.csproj", "{DC3FEFA4-503F-4458-8F10-5A547DCC8A47}"
EndProject
Project("{2150E333-8FDC-42A3-9474-1A3956D46DE8}") = "Old", "Old", "{02EA681E-C7D8-13C7-8484-4AC65E1B71E8}"
EndProject
Project("{FAE04EC0-301F-11D3-BF4B-00C04F79EFBC}") = "VeloTime.Agent", "src\Agent\VeloTime.Agent.csproj", "{4D255CC9-915C-4D09-AAA7-7804D5C9B709}"
EndProject
Project("{FAE04EC0-301F-11D3-BF4B-00C04F79EFBC}") = "VeloTime.Module.Timing", "src\Module.Timing\VeloTime.Module.Timing.csproj", "{1F9212B0-5D5B-4B6D-A3A3-012D006787F1}"
EndProject
Project("{FAE04EC0-301F-11D3-BF4B-00C04F79EFBC}") = "VeloTime.Agent.Dummy", "src\Agent.Dummy\VeloTime.Agent.Dummy.csproj", "{EA11818E-8AF3-4B92-95A8-F87E57A83E27}"
EndProject
Project("{FAE04EC0-301F-11D3-BF4B-00C04F79EFBC}") = "VeloTime.Module.Timing.Interface", "src\Module.Timing.Interface\VeloTime.Module.Timing.Interface.csproj", "{6F3BDD2D-7FF2-B55F-7AE6-2E8B27FBCE87}"
EndProject
Project("{FAE04EC0-301F-11D3-BF4B-00C04F79EFBC}") = "VeloTime.Module.Statistics", "src\Module.Statistics\VeloTime.Module.Statistics.csproj", "{0D76B107-951F-4477-89D0-AFCA73428BEF}"
EndProject
Project("{FAE04EC0-301F-11D3-BF4B-00C04F79EFBC}") = "VeloTime.Agent.Interface", "src\Agent.Interface\VeloTime.Agent.Interface.csproj", "{642E15BC-E81F-1A5C-9290-6504A3A147FE}"
EndProject
Project("{FAE04EC0-301F-11D3-BF4B-00C04F79EFBC}") = "VeloTime.Module.Statistics.Interface", "src\Module.Statistics.Interface\VeloTime.Module.Statistics.Interface.csproj", "{EFC9F849-4F29-03BA-C475-89AD3AEA5524}"
EndProject
Project("{FAE04EC0-301F-11D3-BF4B-00C04F79EFBC}") = "VeloTime.Module.Facilities", "src\Module.Facilities\VeloTime.Module.Facilities.csproj", "{30241DD5-5602-9EAF-D9F2-C6FC59CDF996}"
EndProject
Project("{FAE04EC0-301F-11D3-BF4B-00C04F79EFBC}") = "VeloTime.Module.Facilities.Interface", "src\Module.Facilities.Interface\VeloTime.Module.Facilities.Interface.csproj", "{89E1E82D-CAF6-A3E7-2886-C08ABA85D600}"
EndProject
Project("{FAE04EC0-301F-11D3-BF4B-00C04F79EFBC}") = "VeloTime.Bootstrap", "src\Bootstrap\VeloTime.Bootstrap.csproj", "{AC0C0304-1540-46AE-DE21-12373EC46F54}"
EndProject
Project("{FAE04EC0-301F-11D3-BF4B-00C04F79EFBC}") = "VeloTime.Module.Common", "src\Module.Common\VeloTime.Module.Common.csproj", "{5EBA5F3F-8BCF-F17E-74DC-D91BEC7D2A0D}"
EndProject
Project("{FAE04EC0-301F-11D3-BF4B-00C04F79EFBC}") = "VeloTime.WebUI.Mud", "src\WebUI.Mud\VeloTime.WebUI.Mud.csproj", "{DD680FF9-E198-DDF7-BDDF-AFEBCD22A4E6}"
EndProject
Project("{FAE04EC0-301F-11D3-BF4B-00C04F79EFBC}") = "VeloTime.WebUI.Mud.Client", "src\WebUI.Mud.Client\VeloTime.WebUI.Mud.Client.csproj", "{FD561196-5561-E7D5-B8BB-28A7F1F0AC81}"
EndProject
Project("{FAE04EC0-301F-11D3-BF4B-00C04F79EFBC}") = "VeloTime.Module.Timing.Test", "src\VeloTime.Module.Timing.Test\VeloTime.Module.Timing.Test.csproj", "{C4FBF272-4097-4C0F-B02E-2E21A5B87BFA}"
EndProject
Project("{E53339B2-1760-4266-BCC7-CA923CBCF16C}") = "docker-compose", "docker-compose.dcproj", "{81DDED9D-158B-E303-5F62-77A2896D2A5A}"
EndProject
Global
	GlobalSection(SolutionConfigurationPlatforms) = preSolution
		Debug|Any CPU = Debug|Any CPU
		Debug|x64 = Debug|x64
		Debug|x86 = Debug|x86
		Release|Any CPU = Release|Any CPU
		Release|x64 = Release|x64
		Release|x86 = Release|x86
	EndGlobalSection
	GlobalSection(ProjectConfigurationPlatforms) = postSolution
		{A8299082-060E-4E7D-ADD3-EE9563A56760}.Debug|Any CPU.ActiveCfg = Debug|Any CPU
		{A8299082-060E-4E7D-ADD3-EE9563A56760}.Debug|Any CPU.Build.0 = Debug|Any CPU
		{A8299082-060E-4E7D-ADD3-EE9563A56760}.Debug|x64.ActiveCfg = Debug|Any CPU
		{A8299082-060E-4E7D-ADD3-EE9563A56760}.Debug|x64.Build.0 = Debug|Any CPU
		{A8299082-060E-4E7D-ADD3-EE9563A56760}.Debug|x86.ActiveCfg = Debug|Any CPU
		{A8299082-060E-4E7D-ADD3-EE9563A56760}.Debug|x86.Build.0 = Debug|Any CPU
		{A8299082-060E-4E7D-ADD3-EE9563A56760}.Release|Any CPU.ActiveCfg = Release|Any CPU
		{A8299082-060E-4E7D-ADD3-EE9563A56760}.Release|Any CPU.Build.0 = Release|Any CPU
		{A8299082-060E-4E7D-ADD3-EE9563A56760}.Release|x64.ActiveCfg = Release|Any CPU
		{A8299082-060E-4E7D-ADD3-EE9563A56760}.Release|x64.Build.0 = Release|Any CPU
		{A8299082-060E-4E7D-ADD3-EE9563A56760}.Release|x86.ActiveCfg = Release|Any CPU
		{A8299082-060E-4E7D-ADD3-EE9563A56760}.Release|x86.Build.0 = Release|Any CPU
		{733B28A0-C429-41E2-AE07-4D25D832D2F0}.Debug|Any CPU.ActiveCfg = Debug|Any CPU
		{733B28A0-C429-41E2-AE07-4D25D832D2F0}.Debug|Any CPU.Build.0 = Debug|Any CPU
		{733B28A0-C429-41E2-AE07-4D25D832D2F0}.Debug|x64.ActiveCfg = Debug|Any CPU
		{733B28A0-C429-41E2-AE07-4D25D832D2F0}.Debug|x64.Build.0 = Debug|Any CPU
		{733B28A0-C429-41E2-AE07-4D25D832D2F0}.Debug|x86.ActiveCfg = Debug|Any CPU
		{733B28A0-C429-41E2-AE07-4D25D832D2F0}.Debug|x86.Build.0 = Debug|Any CPU
		{733B28A0-C429-41E2-AE07-4D25D832D2F0}.Release|Any CPU.ActiveCfg = Release|Any CPU
		{733B28A0-C429-41E2-AE07-4D25D832D2F0}.Release|Any CPU.Build.0 = Release|Any CPU
		{733B28A0-C429-41E2-AE07-4D25D832D2F0}.Release|x64.ActiveCfg = Release|Any CPU
		{733B28A0-C429-41E2-AE07-4D25D832D2F0}.Release|x64.Build.0 = Release|Any CPU
		{733B28A0-C429-41E2-AE07-4D25D832D2F0}.Release|x86.ActiveCfg = Release|Any CPU
		{733B28A0-C429-41E2-AE07-4D25D832D2F0}.Release|x86.Build.0 = Release|Any CPU
		{EA4975CF-532B-4CE4-8D75-396522C0F4A9}.Debug|Any CPU.ActiveCfg = Debug|Any CPU
		{EA4975CF-532B-4CE4-8D75-396522C0F4A9}.Debug|Any CPU.Build.0 = Debug|Any CPU
		{EA4975CF-532B-4CE4-8D75-396522C0F4A9}.Debug|x64.ActiveCfg = Debug|Any CPU
		{EA4975CF-532B-4CE4-8D75-396522C0F4A9}.Debug|x64.Build.0 = Debug|Any CPU
		{EA4975CF-532B-4CE4-8D75-396522C0F4A9}.Debug|x86.ActiveCfg = Debug|Any CPU
		{EA4975CF-532B-4CE4-8D75-396522C0F4A9}.Debug|x86.Build.0 = Debug|Any CPU
		{EA4975CF-532B-4CE4-8D75-396522C0F4A9}.Release|Any CPU.ActiveCfg = Release|Any CPU
		{EA4975CF-532B-4CE4-8D75-396522C0F4A9}.Release|Any CPU.Build.0 = Release|Any CPU
		{EA4975CF-532B-4CE4-8D75-396522C0F4A9}.Release|x64.ActiveCfg = Release|Any CPU
		{EA4975CF-532B-4CE4-8D75-396522C0F4A9}.Release|x64.Build.0 = Release|Any CPU
		{EA4975CF-532B-4CE4-8D75-396522C0F4A9}.Release|x86.ActiveCfg = Release|Any CPU
		{EA4975CF-532B-4CE4-8D75-396522C0F4A9}.Release|x86.Build.0 = Release|Any CPU
		{CFEDED7A-E8D1-41A5-B43E-503C757D1722}.Debug|Any CPU.ActiveCfg = Debug|Any CPU
		{CFEDED7A-E8D1-41A5-B43E-503C757D1722}.Debug|Any CPU.Build.0 = Debug|Any CPU
		{CFEDED7A-E8D1-41A5-B43E-503C757D1722}.Debug|x64.ActiveCfg = Debug|Any CPU
		{CFEDED7A-E8D1-41A5-B43E-503C757D1722}.Debug|x64.Build.0 = Debug|Any CPU
		{CFEDED7A-E8D1-41A5-B43E-503C757D1722}.Debug|x86.ActiveCfg = Debug|Any CPU
		{CFEDED7A-E8D1-41A5-B43E-503C757D1722}.Debug|x86.Build.0 = Debug|Any CPU
		{CFEDED7A-E8D1-41A5-B43E-503C757D1722}.Release|Any CPU.ActiveCfg = Release|Any CPU
		{CFEDED7A-E8D1-41A5-B43E-503C757D1722}.Release|Any CPU.Build.0 = Release|Any CPU
		{CFEDED7A-E8D1-41A5-B43E-503C757D1722}.Release|x64.ActiveCfg = Release|Any CPU
		{CFEDED7A-E8D1-41A5-B43E-503C757D1722}.Release|x64.Build.0 = Release|Any CPU
		{CFEDED7A-E8D1-41A5-B43E-503C757D1722}.Release|x86.ActiveCfg = Release|Any CPU
		{CFEDED7A-E8D1-41A5-B43E-503C757D1722}.Release|x86.Build.0 = Release|Any CPU
		{9637D6D3-6402-4CAF-9E41-2C4673F21763}.Debug|Any CPU.ActiveCfg = Debug|Any CPU
		{9637D6D3-6402-4CAF-9E41-2C4673F21763}.Debug|Any CPU.Build.0 = Debug|Any CPU
		{9637D6D3-6402-4CAF-9E41-2C4673F21763}.Debug|x64.ActiveCfg = Debug|Any CPU
		{9637D6D3-6402-4CAF-9E41-2C4673F21763}.Debug|x64.Build.0 = Debug|Any CPU
		{9637D6D3-6402-4CAF-9E41-2C4673F21763}.Debug|x86.ActiveCfg = Debug|Any CPU
		{9637D6D3-6402-4CAF-9E41-2C4673F21763}.Debug|x86.Build.0 = Debug|Any CPU
		{9637D6D3-6402-4CAF-9E41-2C4673F21763}.Release|Any CPU.ActiveCfg = Release|Any CPU
		{9637D6D3-6402-4CAF-9E41-2C4673F21763}.Release|Any CPU.Build.0 = Release|Any CPU
		{9637D6D3-6402-4CAF-9E41-2C4673F21763}.Release|x64.ActiveCfg = Release|Any CPU
		{9637D6D3-6402-4CAF-9E41-2C4673F21763}.Release|x64.Build.0 = Release|Any CPU
		{9637D6D3-6402-4CAF-9E41-2C4673F21763}.Release|x86.ActiveCfg = Release|Any CPU
		{9637D6D3-6402-4CAF-9E41-2C4673F21763}.Release|x86.Build.0 = Release|Any CPU
		{54C5564F-BFB0-4E90-9C68-90AD0CD2FE52}.Debug|Any CPU.ActiveCfg = Debug|Any CPU
		{54C5564F-BFB0-4E90-9C68-90AD0CD2FE52}.Debug|Any CPU.Build.0 = Debug|Any CPU
		{54C5564F-BFB0-4E90-9C68-90AD0CD2FE52}.Debug|x64.ActiveCfg = Debug|Any CPU
		{54C5564F-BFB0-4E90-9C68-90AD0CD2FE52}.Debug|x64.Build.0 = Debug|Any CPU
		{54C5564F-BFB0-4E90-9C68-90AD0CD2FE52}.Debug|x86.ActiveCfg = Debug|Any CPU
		{54C5564F-BFB0-4E90-9C68-90AD0CD2FE52}.Debug|x86.Build.0 = Debug|Any CPU
		{54C5564F-BFB0-4E90-9C68-90AD0CD2FE52}.Release|Any CPU.ActiveCfg = Release|Any CPU
		{54C5564F-BFB0-4E90-9C68-90AD0CD2FE52}.Release|Any CPU.Build.0 = Release|Any CPU
		{54C5564F-BFB0-4E90-9C68-90AD0CD2FE52}.Release|x64.ActiveCfg = Release|Any CPU
		{54C5564F-BFB0-4E90-9C68-90AD0CD2FE52}.Release|x64.Build.0 = Release|Any CPU
		{54C5564F-BFB0-4E90-9C68-90AD0CD2FE52}.Release|x86.ActiveCfg = Release|Any CPU
		{54C5564F-BFB0-4E90-9C68-90AD0CD2FE52}.Release|x86.Build.0 = Release|Any CPU
		{918E237E-D578-429F-A930-5E4C3F6F41B7}.Debug|Any CPU.ActiveCfg = Debug|Any CPU
		{918E237E-D578-429F-A930-5E4C3F6F41B7}.Debug|Any CPU.Build.0 = Debug|Any CPU
		{918E237E-D578-429F-A930-5E4C3F6F41B7}.Debug|x64.ActiveCfg = Debug|Any CPU
		{918E237E-D578-429F-A930-5E4C3F6F41B7}.Debug|x64.Build.0 = Debug|Any CPU
		{918E237E-D578-429F-A930-5E4C3F6F41B7}.Debug|x86.ActiveCfg = Debug|Any CPU
		{918E237E-D578-429F-A930-5E4C3F6F41B7}.Debug|x86.Build.0 = Debug|Any CPU
		{918E237E-D578-429F-A930-5E4C3F6F41B7}.Release|Any CPU.ActiveCfg = Release|Any CPU
		{918E237E-D578-429F-A930-5E4C3F6F41B7}.Release|Any CPU.Build.0 = Release|Any CPU
		{918E237E-D578-429F-A930-5E4C3F6F41B7}.Release|x64.ActiveCfg = Release|Any CPU
		{918E237E-D578-429F-A930-5E4C3F6F41B7}.Release|x64.Build.0 = Release|Any CPU
		{918E237E-D578-429F-A930-5E4C3F6F41B7}.Release|x86.ActiveCfg = Release|Any CPU
		{918E237E-D578-429F-A930-5E4C3F6F41B7}.Release|x86.Build.0 = Release|Any CPU
		{19CC6703-743E-49ED-AC60-A87A71B96B84}.Debug|Any CPU.ActiveCfg = Debug|Any CPU
		{19CC6703-743E-49ED-AC60-A87A71B96B84}.Debug|Any CPU.Build.0 = Debug|Any CPU
		{19CC6703-743E-49ED-AC60-A87A71B96B84}.Debug|x64.ActiveCfg = Debug|Any CPU
		{19CC6703-743E-49ED-AC60-A87A71B96B84}.Debug|x64.Build.0 = Debug|Any CPU
		{19CC6703-743E-49ED-AC60-A87A71B96B84}.Debug|x86.ActiveCfg = Debug|Any CPU
		{19CC6703-743E-49ED-AC60-A87A71B96B84}.Debug|x86.Build.0 = Debug|Any CPU
		{19CC6703-743E-49ED-AC60-A87A71B96B84}.Release|Any CPU.ActiveCfg = Release|Any CPU
		{19CC6703-743E-49ED-AC60-A87A71B96B84}.Release|Any CPU.Build.0 = Release|Any CPU
		{19CC6703-743E-49ED-AC60-A87A71B96B84}.Release|x64.ActiveCfg = Release|Any CPU
		{19CC6703-743E-49ED-AC60-A87A71B96B84}.Release|x64.Build.0 = Release|Any CPU
		{19CC6703-743E-49ED-AC60-A87A71B96B84}.Release|x86.ActiveCfg = Release|Any CPU
		{19CC6703-743E-49ED-AC60-A87A71B96B84}.Release|x86.Build.0 = Release|Any CPU
		{0FC3A929-8D9B-4A76-AFF4-05C5BEACC925}.Debug|Any CPU.ActiveCfg = Debug|Any CPU
		{0FC3A929-8D9B-4A76-AFF4-05C5BEACC925}.Debug|Any CPU.Build.0 = Debug|Any CPU
		{0FC3A929-8D9B-4A76-AFF4-05C5BEACC925}.Debug|x64.ActiveCfg = Debug|Any CPU
		{0FC3A929-8D9B-4A76-AFF4-05C5BEACC925}.Debug|x64.Build.0 = Debug|Any CPU
		{0FC3A929-8D9B-4A76-AFF4-05C5BEACC925}.Debug|x86.ActiveCfg = Debug|Any CPU
		{0FC3A929-8D9B-4A76-AFF4-05C5BEACC925}.Debug|x86.Build.0 = Debug|Any CPU
		{0FC3A929-8D9B-4A76-AFF4-05C5BEACC925}.Release|Any CPU.ActiveCfg = Release|Any CPU
		{0FC3A929-8D9B-4A76-AFF4-05C5BEACC925}.Release|Any CPU.Build.0 = Release|Any CPU
		{0FC3A929-8D9B-4A76-AFF4-05C5BEACC925}.Release|x64.ActiveCfg = Release|Any CPU
		{0FC3A929-8D9B-4A76-AFF4-05C5BEACC925}.Release|x64.Build.0 = Release|Any CPU
		{0FC3A929-8D9B-4A76-AFF4-05C5BEACC925}.Release|x86.ActiveCfg = Release|Any CPU
		{0FC3A929-8D9B-4A76-AFF4-05C5BEACC925}.Release|x86.Build.0 = Release|Any CPU
		{EED91382-2C43-46F3-B3E6-FDE2B42B9B0B}.Debug|Any CPU.ActiveCfg = Debug|Any CPU
		{EED91382-2C43-46F3-B3E6-FDE2B42B9B0B}.Debug|Any CPU.Build.0 = Debug|Any CPU
		{EED91382-2C43-46F3-B3E6-FDE2B42B9B0B}.Debug|x64.ActiveCfg = Debug|Any CPU
		{EED91382-2C43-46F3-B3E6-FDE2B42B9B0B}.Debug|x64.Build.0 = Debug|Any CPU
		{EED91382-2C43-46F3-B3E6-FDE2B42B9B0B}.Debug|x86.ActiveCfg = Debug|Any CPU
		{EED91382-2C43-46F3-B3E6-FDE2B42B9B0B}.Debug|x86.Build.0 = Debug|Any CPU
		{EED91382-2C43-46F3-B3E6-FDE2B42B9B0B}.Release|Any CPU.ActiveCfg = Release|Any CPU
		{EED91382-2C43-46F3-B3E6-FDE2B42B9B0B}.Release|Any CPU.Build.0 = Release|Any CPU
		{EED91382-2C43-46F3-B3E6-FDE2B42B9B0B}.Release|x64.ActiveCfg = Release|Any CPU
		{EED91382-2C43-46F3-B3E6-FDE2B42B9B0B}.Release|x64.Build.0 = Release|Any CPU
		{EED91382-2C43-46F3-B3E6-FDE2B42B9B0B}.Release|x86.ActiveCfg = Release|Any CPU
		{EED91382-2C43-46F3-B3E6-FDE2B42B9B0B}.Release|x86.Build.0 = Release|Any CPU
		{DC3FEFA4-503F-4458-8F10-5A547DCC8A47}.Debug|Any CPU.ActiveCfg = Debug|Any CPU
		{DC3FEFA4-503F-4458-8F10-5A547DCC8A47}.Debug|Any CPU.Build.0 = Debug|Any CPU
		{DC3FEFA4-503F-4458-8F10-5A547DCC8A47}.Debug|x64.ActiveCfg = Debug|Any CPU
		{DC3FEFA4-503F-4458-8F10-5A547DCC8A47}.Debug|x64.Build.0 = Debug|Any CPU
		{DC3FEFA4-503F-4458-8F10-5A547DCC8A47}.Debug|x86.ActiveCfg = Debug|Any CPU
		{DC3FEFA4-503F-4458-8F10-5A547DCC8A47}.Debug|x86.Build.0 = Debug|Any CPU
		{DC3FEFA4-503F-4458-8F10-5A547DCC8A47}.Release|Any CPU.ActiveCfg = Release|Any CPU
		{DC3FEFA4-503F-4458-8F10-5A547DCC8A47}.Release|Any CPU.Build.0 = Release|Any CPU
		{DC3FEFA4-503F-4458-8F10-5A547DCC8A47}.Release|x64.ActiveCfg = Release|Any CPU
		{DC3FEFA4-503F-4458-8F10-5A547DCC8A47}.Release|x64.Build.0 = Release|Any CPU
		{DC3FEFA4-503F-4458-8F10-5A547DCC8A47}.Release|x86.ActiveCfg = Release|Any CPU
		{DC3FEFA4-503F-4458-8F10-5A547DCC8A47}.Release|x86.Build.0 = Release|Any CPU
		{4D255CC9-915C-4D09-AAA7-7804D5C9B709}.Debug|Any CPU.ActiveCfg = Debug|Any CPU
		{4D255CC9-915C-4D09-AAA7-7804D5C9B709}.Debug|Any CPU.Build.0 = Debug|Any CPU
		{4D255CC9-915C-4D09-AAA7-7804D5C9B709}.Debug|x64.ActiveCfg = Debug|Any CPU
		{4D255CC9-915C-4D09-AAA7-7804D5C9B709}.Debug|x64.Build.0 = Debug|Any CPU
		{4D255CC9-915C-4D09-AAA7-7804D5C9B709}.Debug|x86.ActiveCfg = Debug|Any CPU
		{4D255CC9-915C-4D09-AAA7-7804D5C9B709}.Debug|x86.Build.0 = Debug|Any CPU
		{4D255CC9-915C-4D09-AAA7-7804D5C9B709}.Release|Any CPU.ActiveCfg = Release|Any CPU
		{4D255CC9-915C-4D09-AAA7-7804D5C9B709}.Release|Any CPU.Build.0 = Release|Any CPU
		{4D255CC9-915C-4D09-AAA7-7804D5C9B709}.Release|x64.ActiveCfg = Release|Any CPU
		{4D255CC9-915C-4D09-AAA7-7804D5C9B709}.Release|x64.Build.0 = Release|Any CPU
		{4D255CC9-915C-4D09-AAA7-7804D5C9B709}.Release|x86.ActiveCfg = Release|Any CPU
		{4D255CC9-915C-4D09-AAA7-7804D5C9B709}.Release|x86.Build.0 = Release|Any CPU
		{1F9212B0-5D5B-4B6D-A3A3-012D006787F1}.Debug|Any CPU.ActiveCfg = Debug|Any CPU
		{1F9212B0-5D5B-4B6D-A3A3-012D006787F1}.Debug|Any CPU.Build.0 = Debug|Any CPU
		{1F9212B0-5D5B-4B6D-A3A3-012D006787F1}.Debug|x64.ActiveCfg = Debug|Any CPU
		{1F9212B0-5D5B-4B6D-A3A3-012D006787F1}.Debug|x64.Build.0 = Debug|Any CPU
		{1F9212B0-5D5B-4B6D-A3A3-012D006787F1}.Debug|x86.ActiveCfg = Debug|Any CPU
		{1F9212B0-5D5B-4B6D-A3A3-012D006787F1}.Debug|x86.Build.0 = Debug|Any CPU
		{1F9212B0-5D5B-4B6D-A3A3-012D006787F1}.Release|Any CPU.ActiveCfg = Release|Any CPU
		{1F9212B0-5D5B-4B6D-A3A3-012D006787F1}.Release|Any CPU.Build.0 = Release|Any CPU
		{1F9212B0-5D5B-4B6D-A3A3-012D006787F1}.Release|x64.ActiveCfg = Release|Any CPU
		{1F9212B0-5D5B-4B6D-A3A3-012D006787F1}.Release|x64.Build.0 = Release|Any CPU
		{1F9212B0-5D5B-4B6D-A3A3-012D006787F1}.Release|x86.ActiveCfg = Release|Any CPU
		{1F9212B0-5D5B-4B6D-A3A3-012D006787F1}.Release|x86.Build.0 = Release|Any CPU
		{EA11818E-8AF3-4B92-95A8-F87E57A83E27}.Debug|Any CPU.ActiveCfg = Debug|Any CPU
		{EA11818E-8AF3-4B92-95A8-F87E57A83E27}.Debug|Any CPU.Build.0 = Debug|Any CPU
		{EA11818E-8AF3-4B92-95A8-F87E57A83E27}.Debug|x64.ActiveCfg = Debug|Any CPU
		{EA11818E-8AF3-4B92-95A8-F87E57A83E27}.Debug|x64.Build.0 = Debug|Any CPU
		{EA11818E-8AF3-4B92-95A8-F87E57A83E27}.Debug|x86.ActiveCfg = Debug|Any CPU
		{EA11818E-8AF3-4B92-95A8-F87E57A83E27}.Debug|x86.Build.0 = Debug|Any CPU
		{EA11818E-8AF3-4B92-95A8-F87E57A83E27}.Release|Any CPU.ActiveCfg = Release|Any CPU
		{EA11818E-8AF3-4B92-95A8-F87E57A83E27}.Release|Any CPU.Build.0 = Release|Any CPU
		{EA11818E-8AF3-4B92-95A8-F87E57A83E27}.Release|x64.ActiveCfg = Release|Any CPU
		{EA11818E-8AF3-4B92-95A8-F87E57A83E27}.Release|x64.Build.0 = Release|Any CPU
		{EA11818E-8AF3-4B92-95A8-F87E57A83E27}.Release|x86.ActiveCfg = Release|Any CPU
		{EA11818E-8AF3-4B92-95A8-F87E57A83E27}.Release|x86.Build.0 = Release|Any CPU
		{6F3BDD2D-7FF2-B55F-7AE6-2E8B27FBCE87}.Debug|Any CPU.ActiveCfg = Debug|Any CPU
		{6F3BDD2D-7FF2-B55F-7AE6-2E8B27FBCE87}.Debug|Any CPU.Build.0 = Debug|Any CPU
		{6F3BDD2D-7FF2-B55F-7AE6-2E8B27FBCE87}.Debug|x64.ActiveCfg = Debug|Any CPU
		{6F3BDD2D-7FF2-B55F-7AE6-2E8B27FBCE87}.Debug|x64.Build.0 = Debug|Any CPU
		{6F3BDD2D-7FF2-B55F-7AE6-2E8B27FBCE87}.Debug|x86.ActiveCfg = Debug|Any CPU
		{6F3BDD2D-7FF2-B55F-7AE6-2E8B27FBCE87}.Debug|x86.Build.0 = Debug|Any CPU
		{6F3BDD2D-7FF2-B55F-7AE6-2E8B27FBCE87}.Release|Any CPU.ActiveCfg = Release|Any CPU
		{6F3BDD2D-7FF2-B55F-7AE6-2E8B27FBCE87}.Release|Any CPU.Build.0 = Release|Any CPU
		{6F3BDD2D-7FF2-B55F-7AE6-2E8B27FBCE87}.Release|x64.ActiveCfg = Release|Any CPU
		{6F3BDD2D-7FF2-B55F-7AE6-2E8B27FBCE87}.Release|x64.Build.0 = Release|Any CPU
		{6F3BDD2D-7FF2-B55F-7AE6-2E8B27FBCE87}.Release|x86.ActiveCfg = Release|Any CPU
		{6F3BDD2D-7FF2-B55F-7AE6-2E8B27FBCE87}.Release|x86.Build.0 = Release|Any CPU
		{0D76B107-951F-4477-89D0-AFCA73428BEF}.Debug|Any CPU.ActiveCfg = Debug|Any CPU
		{0D76B107-951F-4477-89D0-AFCA73428BEF}.Debug|Any CPU.Build.0 = Debug|Any CPU
		{0D76B107-951F-4477-89D0-AFCA73428BEF}.Debug|x64.ActiveCfg = Debug|Any CPU
		{0D76B107-951F-4477-89D0-AFCA73428BEF}.Debug|x64.Build.0 = Debug|Any CPU
		{0D76B107-951F-4477-89D0-AFCA73428BEF}.Debug|x86.ActiveCfg = Debug|Any CPU
		{0D76B107-951F-4477-89D0-AFCA73428BEF}.Debug|x86.Build.0 = Debug|Any CPU
		{0D76B107-951F-4477-89D0-AFCA73428BEF}.Release|Any CPU.ActiveCfg = Release|Any CPU
		{0D76B107-951F-4477-89D0-AFCA73428BEF}.Release|Any CPU.Build.0 = Release|Any CPU
		{0D76B107-951F-4477-89D0-AFCA73428BEF}.Release|x64.ActiveCfg = Release|Any CPU
		{0D76B107-951F-4477-89D0-AFCA73428BEF}.Release|x64.Build.0 = Release|Any CPU
		{0D76B107-951F-4477-89D0-AFCA73428BEF}.Release|x86.ActiveCfg = Release|Any CPU
		{0D76B107-951F-4477-89D0-AFCA73428BEF}.Release|x86.Build.0 = Release|Any CPU
		{642E15BC-E81F-1A5C-9290-6504A3A147FE}.Debug|Any CPU.ActiveCfg = Debug|Any CPU
		{642E15BC-E81F-1A5C-9290-6504A3A147FE}.Debug|Any CPU.Build.0 = Debug|Any CPU
		{642E15BC-E81F-1A5C-9290-6504A3A147FE}.Debug|x64.ActiveCfg = Debug|Any CPU
		{642E15BC-E81F-1A5C-9290-6504A3A147FE}.Debug|x64.Build.0 = Debug|Any CPU
		{642E15BC-E81F-1A5C-9290-6504A3A147FE}.Debug|x86.ActiveCfg = Debug|Any CPU
		{642E15BC-E81F-1A5C-9290-6504A3A147FE}.Debug|x86.Build.0 = Debug|Any CPU
		{642E15BC-E81F-1A5C-9290-6504A3A147FE}.Release|Any CPU.ActiveCfg = Release|Any CPU
		{642E15BC-E81F-1A5C-9290-6504A3A147FE}.Release|Any CPU.Build.0 = Release|Any CPU
		{642E15BC-E81F-1A5C-9290-6504A3A147FE}.Release|x64.ActiveCfg = Release|Any CPU
		{642E15BC-E81F-1A5C-9290-6504A3A147FE}.Release|x64.Build.0 = Release|Any CPU
		{642E15BC-E81F-1A5C-9290-6504A3A147FE}.Release|x86.ActiveCfg = Release|Any CPU
		{642E15BC-E81F-1A5C-9290-6504A3A147FE}.Release|x86.Build.0 = Release|Any CPU
		{EFC9F849-4F29-03BA-C475-89AD3AEA5524}.Debug|Any CPU.ActiveCfg = Debug|Any CPU
		{EFC9F849-4F29-03BA-C475-89AD3AEA5524}.Debug|Any CPU.Build.0 = Debug|Any CPU
		{EFC9F849-4F29-03BA-C475-89AD3AEA5524}.Debug|x64.ActiveCfg = Debug|Any CPU
		{EFC9F849-4F29-03BA-C475-89AD3AEA5524}.Debug|x64.Build.0 = Debug|Any CPU
		{EFC9F849-4F29-03BA-C475-89AD3AEA5524}.Debug|x86.ActiveCfg = Debug|Any CPU
		{EFC9F849-4F29-03BA-C475-89AD3AEA5524}.Debug|x86.Build.0 = Debug|Any CPU
		{EFC9F849-4F29-03BA-C475-89AD3AEA5524}.Release|Any CPU.ActiveCfg = Release|Any CPU
		{EFC9F849-4F29-03BA-C475-89AD3AEA5524}.Release|Any CPU.Build.0 = Release|Any CPU
		{EFC9F849-4F29-03BA-C475-89AD3AEA5524}.Release|x64.ActiveCfg = Release|Any CPU
		{EFC9F849-4F29-03BA-C475-89AD3AEA5524}.Release|x64.Build.0 = Release|Any CPU
		{EFC9F849-4F29-03BA-C475-89AD3AEA5524}.Release|x86.ActiveCfg = Release|Any CPU
		{EFC9F849-4F29-03BA-C475-89AD3AEA5524}.Release|x86.Build.0 = Release|Any CPU
		{30241DD5-5602-9EAF-D9F2-C6FC59CDF996}.Debug|Any CPU.ActiveCfg = Debug|Any CPU
		{30241DD5-5602-9EAF-D9F2-C6FC59CDF996}.Debug|Any CPU.Build.0 = Debug|Any CPU
		{30241DD5-5602-9EAF-D9F2-C6FC59CDF996}.Debug|x64.ActiveCfg = Debug|Any CPU
		{30241DD5-5602-9EAF-D9F2-C6FC59CDF996}.Debug|x64.Build.0 = Debug|Any CPU
		{30241DD5-5602-9EAF-D9F2-C6FC59CDF996}.Debug|x86.ActiveCfg = Debug|Any CPU
		{30241DD5-5602-9EAF-D9F2-C6FC59CDF996}.Debug|x86.Build.0 = Debug|Any CPU
		{30241DD5-5602-9EAF-D9F2-C6FC59CDF996}.Release|Any CPU.ActiveCfg = Release|Any CPU
		{30241DD5-5602-9EAF-D9F2-C6FC59CDF996}.Release|Any CPU.Build.0 = Release|Any CPU
		{30241DD5-5602-9EAF-D9F2-C6FC59CDF996}.Release|x64.ActiveCfg = Release|Any CPU
		{30241DD5-5602-9EAF-D9F2-C6FC59CDF996}.Release|x64.Build.0 = Release|Any CPU
		{30241DD5-5602-9EAF-D9F2-C6FC59CDF996}.Release|x86.ActiveCfg = Release|Any CPU
		{30241DD5-5602-9EAF-D9F2-C6FC59CDF996}.Release|x86.Build.0 = Release|Any CPU
		{89E1E82D-CAF6-A3E7-2886-C08ABA85D600}.Debug|Any CPU.ActiveCfg = Debug|Any CPU
		{89E1E82D-CAF6-A3E7-2886-C08ABA85D600}.Debug|Any CPU.Build.0 = Debug|Any CPU
		{89E1E82D-CAF6-A3E7-2886-C08ABA85D600}.Debug|x64.ActiveCfg = Debug|Any CPU
		{89E1E82D-CAF6-A3E7-2886-C08ABA85D600}.Debug|x64.Build.0 = Debug|Any CPU
		{89E1E82D-CAF6-A3E7-2886-C08ABA85D600}.Debug|x86.ActiveCfg = Debug|Any CPU
		{89E1E82D-CAF6-A3E7-2886-C08ABA85D600}.Debug|x86.Build.0 = Debug|Any CPU
		{89E1E82D-CAF6-A3E7-2886-C08ABA85D600}.Release|Any CPU.ActiveCfg = Release|Any CPU
		{89E1E82D-CAF6-A3E7-2886-C08ABA85D600}.Release|Any CPU.Build.0 = Release|Any CPU
		{89E1E82D-CAF6-A3E7-2886-C08ABA85D600}.Release|x64.ActiveCfg = Release|Any CPU
		{89E1E82D-CAF6-A3E7-2886-C08ABA85D600}.Release|x64.Build.0 = Release|Any CPU
		{89E1E82D-CAF6-A3E7-2886-C08ABA85D600}.Release|x86.ActiveCfg = Release|Any CPU
		{89E1E82D-CAF6-A3E7-2886-C08ABA85D600}.Release|x86.Build.0 = Release|Any CPU
		{AC0C0304-1540-46AE-DE21-12373EC46F54}.Debug|Any CPU.ActiveCfg = Debug|Any CPU
		{AC0C0304-1540-46AE-DE21-12373EC46F54}.Debug|Any CPU.Build.0 = Debug|Any CPU
		{AC0C0304-1540-46AE-DE21-12373EC46F54}.Debug|x64.ActiveCfg = Debug|Any CPU
		{AC0C0304-1540-46AE-DE21-12373EC46F54}.Debug|x64.Build.0 = Debug|Any CPU
		{AC0C0304-1540-46AE-DE21-12373EC46F54}.Debug|x86.ActiveCfg = Debug|Any CPU
		{AC0C0304-1540-46AE-DE21-12373EC46F54}.Debug|x86.Build.0 = Debug|Any CPU
		{AC0C0304-1540-46AE-DE21-12373EC46F54}.Release|Any CPU.ActiveCfg = Release|Any CPU
		{AC0C0304-1540-46AE-DE21-12373EC46F54}.Release|Any CPU.Build.0 = Release|Any CPU
		{AC0C0304-1540-46AE-DE21-12373EC46F54}.Release|x64.ActiveCfg = Release|Any CPU
		{AC0C0304-1540-46AE-DE21-12373EC46F54}.Release|x64.Build.0 = Release|Any CPU
		{AC0C0304-1540-46AE-DE21-12373EC46F54}.Release|x86.ActiveCfg = Release|Any CPU
		{AC0C0304-1540-46AE-DE21-12373EC46F54}.Release|x86.Build.0 = Release|Any CPU
		{5EBA5F3F-8BCF-F17E-74DC-D91BEC7D2A0D}.Debug|Any CPU.ActiveCfg = Debug|Any CPU
		{5EBA5F3F-8BCF-F17E-74DC-D91BEC7D2A0D}.Debug|Any CPU.Build.0 = Debug|Any CPU
		{5EBA5F3F-8BCF-F17E-74DC-D91BEC7D2A0D}.Debug|x64.ActiveCfg = Debug|Any CPU
		{5EBA5F3F-8BCF-F17E-74DC-D91BEC7D2A0D}.Debug|x64.Build.0 = Debug|Any CPU
		{5EBA5F3F-8BCF-F17E-74DC-D91BEC7D2A0D}.Debug|x86.ActiveCfg = Debug|Any CPU
		{5EBA5F3F-8BCF-F17E-74DC-D91BEC7D2A0D}.Debug|x86.Build.0 = Debug|Any CPU
		{5EBA5F3F-8BCF-F17E-74DC-D91BEC7D2A0D}.Release|Any CPU.ActiveCfg = Release|Any CPU
		{5EBA5F3F-8BCF-F17E-74DC-D91BEC7D2A0D}.Release|Any CPU.Build.0 = Release|Any CPU
		{5EBA5F3F-8BCF-F17E-74DC-D91BEC7D2A0D}.Release|x64.ActiveCfg = Release|Any CPU
		{5EBA5F3F-8BCF-F17E-74DC-D91BEC7D2A0D}.Release|x64.Build.0 = Release|Any CPU
		{5EBA5F3F-8BCF-F17E-74DC-D91BEC7D2A0D}.Release|x86.ActiveCfg = Release|Any CPU
		{5EBA5F3F-8BCF-F17E-74DC-D91BEC7D2A0D}.Release|x86.Build.0 = Release|Any CPU
		{DD680FF9-E198-DDF7-BDDF-AFEBCD22A4E6}.Debug|Any CPU.ActiveCfg = Debug|Any CPU
		{DD680FF9-E198-DDF7-BDDF-AFEBCD22A4E6}.Debug|Any CPU.Build.0 = Debug|Any CPU
		{DD680FF9-E198-DDF7-BDDF-AFEBCD22A4E6}.Debug|x64.ActiveCfg = Debug|Any CPU
		{DD680FF9-E198-DDF7-BDDF-AFEBCD22A4E6}.Debug|x64.Build.0 = Debug|Any CPU
		{DD680FF9-E198-DDF7-BDDF-AFEBCD22A4E6}.Debug|x86.ActiveCfg = Debug|Any CPU
		{DD680FF9-E198-DDF7-BDDF-AFEBCD22A4E6}.Debug|x86.Build.0 = Debug|Any CPU
		{DD680FF9-E198-DDF7-BDDF-AFEBCD22A4E6}.Release|Any CPU.ActiveCfg = Release|Any CPU
		{DD680FF9-E198-DDF7-BDDF-AFEBCD22A4E6}.Release|Any CPU.Build.0 = Release|Any CPU
		{DD680FF9-E198-DDF7-BDDF-AFEBCD22A4E6}.Release|x64.ActiveCfg = Release|Any CPU
		{DD680FF9-E198-DDF7-BDDF-AFEBCD22A4E6}.Release|x64.Build.0 = Release|Any CPU
		{DD680FF9-E198-DDF7-BDDF-AFEBCD22A4E6}.Release|x86.ActiveCfg = Release|Any CPU
		{DD680FF9-E198-DDF7-BDDF-AFEBCD22A4E6}.Release|x86.Build.0 = Release|Any CPU
		{FD561196-5561-E7D5-B8BB-28A7F1F0AC81}.Debug|Any CPU.ActiveCfg = Debug|Any CPU
		{FD561196-5561-E7D5-B8BB-28A7F1F0AC81}.Debug|Any CPU.Build.0 = Debug|Any CPU
		{FD561196-5561-E7D5-B8BB-28A7F1F0AC81}.Debug|x64.ActiveCfg = Debug|Any CPU
		{FD561196-5561-E7D5-B8BB-28A7F1F0AC81}.Debug|x64.Build.0 = Debug|Any CPU
		{FD561196-5561-E7D5-B8BB-28A7F1F0AC81}.Debug|x86.ActiveCfg = Debug|Any CPU
		{FD561196-5561-E7D5-B8BB-28A7F1F0AC81}.Debug|x86.Build.0 = Debug|Any CPU
		{FD561196-5561-E7D5-B8BB-28A7F1F0AC81}.Release|Any CPU.ActiveCfg = Release|Any CPU
		{FD561196-5561-E7D5-B8BB-28A7F1F0AC81}.Release|Any CPU.Build.0 = Release|Any CPU
		{FD561196-5561-E7D5-B8BB-28A7F1F0AC81}.Release|x64.ActiveCfg = Release|Any CPU
		{FD561196-5561-E7D5-B8BB-28A7F1F0AC81}.Release|x64.Build.0 = Release|Any CPU
		{FD561196-5561-E7D5-B8BB-28A7F1F0AC81}.Release|x86.ActiveCfg = Release|Any CPU
		{FD561196-5561-E7D5-B8BB-28A7F1F0AC81}.Release|x86.Build.0 = Release|Any CPU
		{C4FBF272-4097-4C0F-B02E-2E21A5B87BFA}.Debug|Any CPU.ActiveCfg = Debug|Any CPU
		{C4FBF272-4097-4C0F-B02E-2E21A5B87BFA}.Debug|Any CPU.Build.0 = Debug|Any CPU
		{C4FBF272-4097-4C0F-B02E-2E21A5B87BFA}.Debug|x64.ActiveCfg = Debug|Any CPU
		{C4FBF272-4097-4C0F-B02E-2E21A5B87BFA}.Debug|x64.Build.0 = Debug|Any CPU
		{C4FBF272-4097-4C0F-B02E-2E21A5B87BFA}.Debug|x86.ActiveCfg = Debug|Any CPU
		{C4FBF272-4097-4C0F-B02E-2E21A5B87BFA}.Debug|x86.Build.0 = Debug|Any CPU
		{C4FBF272-4097-4C0F-B02E-2E21A5B87BFA}.Release|Any CPU.ActiveCfg = Release|Any CPU
		{C4FBF272-4097-4C0F-B02E-2E21A5B87BFA}.Release|Any CPU.Build.0 = Release|Any CPU
		{C4FBF272-4097-4C0F-B02E-2E21A5B87BFA}.Release|x64.ActiveCfg = Release|Any CPU
		{C4FBF272-4097-4C0F-B02E-2E21A5B87BFA}.Release|x64.Build.0 = Release|Any CPU
		{C4FBF272-4097-4C0F-B02E-2E21A5B87BFA}.Release|x86.ActiveCfg = Release|Any CPU
		{C4FBF272-4097-4C0F-B02E-2E21A5B87BFA}.Release|x86.Build.0 = Release|Any CPU
		{81DDED9D-158B-E303-5F62-77A2896D2A5A}.Debug|Any CPU.ActiveCfg = Debug|Any CPU
		{81DDED9D-158B-E303-5F62-77A2896D2A5A}.Debug|Any CPU.Build.0 = Debug|Any CPU
		{81DDED9D-158B-E303-5F62-77A2896D2A5A}.Debug|x64.ActiveCfg = Debug|Any CPU
		{81DDED9D-158B-E303-5F62-77A2896D2A5A}.Debug|x64.Build.0 = Debug|Any CPU
		{81DDED9D-158B-E303-5F62-77A2896D2A5A}.Debug|x86.ActiveCfg = Debug|Any CPU
		{81DDED9D-158B-E303-5F62-77A2896D2A5A}.Debug|x86.Build.0 = Debug|Any CPU
		{81DDED9D-158B-E303-5F62-77A2896D2A5A}.Release|Any CPU.ActiveCfg = Release|Any CPU
		{81DDED9D-158B-E303-5F62-77A2896D2A5A}.Release|Any CPU.Build.0 = Release|Any CPU
		{81DDED9D-158B-E303-5F62-77A2896D2A5A}.Release|x64.ActiveCfg = Release|Any CPU
		{81DDED9D-158B-E303-5F62-77A2896D2A5A}.Release|x64.Build.0 = Release|Any CPU
		{81DDED9D-158B-E303-5F62-77A2896D2A5A}.Release|x86.ActiveCfg = Release|Any CPU
		{81DDED9D-158B-E303-5F62-77A2896D2A5A}.Release|x86.Build.0 = Release|Any CPU
	EndGlobalSection
	GlobalSection(SolutionProperties) = preSolution
		HideSolutionNode = FALSE
	EndGlobalSection
	GlobalSection(NestedProjects) = preSolution
		{A8299082-060E-4E7D-ADD3-EE9563A56760} = {02EA681E-C7D8-13C7-8484-4AC65E1B71E8}
		{733B28A0-C429-41E2-AE07-4D25D832D2F0} = {02EA681E-C7D8-13C7-8484-4AC65E1B71E8}
		{EA4975CF-532B-4CE4-8D75-396522C0F4A9} = {02EA681E-C7D8-13C7-8484-4AC65E1B71E8}
		{CFEDED7A-E8D1-41A5-B43E-503C757D1722} = {02EA681E-C7D8-13C7-8484-4AC65E1B71E8}
		{9637D6D3-6402-4CAF-9E41-2C4673F21763} = {02EA681E-C7D8-13C7-8484-4AC65E1B71E8}
		{54C5564F-BFB0-4E90-9C68-90AD0CD2FE52} = {02EA681E-C7D8-13C7-8484-4AC65E1B71E8}
		{918E237E-D578-429F-A930-5E4C3F6F41B7} = {7E46470A-DE14-085D-F0DF-9D428E2CAD5E}
		{19CC6703-743E-49ED-AC60-A87A71B96B84} = {7E46470A-DE14-085D-F0DF-9D428E2CAD5E}
		{0FC3A929-8D9B-4A76-AFF4-05C5BEACC925} = {7E46470A-DE14-085D-F0DF-9D428E2CAD5E}
	EndGlobalSection
	GlobalSection(ExtensibilityGlobals) = postSolution
		SolutionGuid = {BB12ABCA-C2DD-4F7E-B1A4-9D04882ADD6A}
	EndGlobalSection
EndGlobal
